<?xml version="1.0" encoding="utf-8"?>
<Project ToolsVersion="4.0" xmlns="http://schemas.microsoft.com/developer/msbuild/2003">
  <ItemGroup>
    <Filter Include="Исходные файлы">
      <UniqueIdentifier>{4FC737F1-C7A5-4376-A066-2A32D752A2FF}</UniqueIdentifier>
      <Extensions>cpp;c;cc;cxx;c++;cppm;ixx;def;odl;idl;hpj;bat;asm;asmx</Extensions>
    </Filter>
    <Filter Include="Файлы заголовков">
      <UniqueIdentifier>{93995380-89BD-4b04-88EB-625FBE52EBFB}</UniqueIdentifier>
      <Extensions>h;hh;hpp;hxx;h++;hm;inl;inc;ipp;xsd</Extensions>
    </Filter>
    <Filter Include="Файлы ресурсов">
      <UniqueIdentifier>{67DA6AB6-F800-4c08-8B7A-83BB121AAD01}</UniqueIdentifier>
      <Extensions>rc;ico;cur;bmp;dlg;rc2;rct;bin;rgs;gif;jpg;jpeg;jpe;resx;tiff;tif;png;wav;mfcribbon-ms</Extensions>
    </Filter>
    <Filter Include="Исходные файлы\sort">
      <UniqueIdentifier>{63cfb6b5-758f-428d-9cb9-eb03d26537f8}</UniqueIdentifier>
    </Filter>
    <Filter Include="Исходные файлы\utils">
      <UniqueIdentifier>{2c80e841-bc2d-4e68-8a35-be2649333a26}</UniqueIdentifier>
    </Filter>
  </ItemGroup>
  <ItemGroup>
    <ClCompile Include="main.cpp">
      <Filter>Исходные файлы</Filter>
    </ClCompile>
  </ItemGroup>
  <ItemGroup>
    <ClInclude Include="mergesort_topdown.h">
      <Filter>Исходные файлы\sort</Filter>
    </ClInclude>
    <ClInclude Include="mergesort_bottomup.h">
      <Filter>Исходные файлы\sort</Filter>
    </ClInclude>
    <ClInclude Include="mergesort_optimized.h">
      <Filter>Исходные файлы\sort</Filter>
    </ClInclude>
    <ClInclude Include="mergesort_kway10_optimized.h">
      <Filter>Исходные файлы\sort</Filter>
    </ClInclude>
    <ClInclude Include="brute_force.h">
      <Filter>Исходные файлы\sort</Filter>
    </ClInclude>
    <ClInclude Include="stats.h">
      <Filter>Исходные файлы\utils</Filter>
    </ClInclude>
    <ClInclude Include="generators.h">
      <Filter>Исходные файлы\utils</Filter>
    </ClInclude>
    <ClInclude Include="timer.h">
      <Filter>Исходные файлы\utils</Filter>
    </ClInclude>
    <ClInclude Include="cli.h">
      <Filter>Исходные файлы\utils</Filter>
    </ClInclude>
    <ClInclude Include="file_input.h">
      <Filter>Исходные файлы\sort</Filter>
    </ClInclude>
    <ClInclude Include="mergesort_kway10.h">
      <Filter>Исходные файлы\sort</Filter>
    </ClInclude>
  </ItemGroup>
</Project>